
Microsoft Visual Studio Solution File, Format Version 12.00
# Visual Studio Version 17
VisualStudioVersion = 17.0.31912.275
MinimumVisualStudioVersion = 10.0.40219.1
Project("{9A19103F-16F7-4668-BE54-9A1E7A4F7556}") = "StoreApi", "StoreApi\StoreApi.csproj", "{4EA3683A-1A96-42A0-B0C4-74E73E31125D}"
EndProject
Project("{9A19103F-16F7-4668-BE54-9A1E7A4F7556}") = "Store.Service", "Store.Service\Store.Service.csproj", "{6D523880-846D-4533-91C0-EFA46D5A5432}"
EndProject
Project("{9A19103F-16F7-4668-BE54-9A1E7A4F7556}") = "Store.Data", "Store.Data\Store.Data.csproj", "{89907248-D211-4015-BBB3-685214F30323}"
EndProject
Global
	GlobalSection(SolutionConfigurationPlatforms) = preSolution
		Debug|Any CPU = Debug|Any CPU
		Release|Any CPU = Release|Any CPU
	EndGlobalSection
	GlobalSection(ProjectConfigurationPlatforms) = postSolution
		{4EA3683A-1A96-42A0-B0C4-74E73E31125D}.Debug|Any CPU.ActiveCfg = Debug|Any CPU
		{4EA3683A-1A96-42A0-B0C4-74E73E31125D}.Debug|Any CPU.Build.0 = Debug|Any CPU
		{4EA3683A-1A96-42A0-B0C4-74E73E31125D}.Release|Any CPU.ActiveCfg = Release|Any CPU
		{4EA3683A-1A96-42A0-B0C4-74E73E31125D}.Release|Any CPU.Build.0 = Release|Any CPU
		{6D523880-846D-4533-91C0-EFA46D5A5432}.Debug|Any CPU.ActiveCfg = Debug|Any CPU
		{6D523880-846D-4533-91C0-EFA46D5A5432}.Debug|Any CPU.Build.0 = Debug|Any CPU
		{6D523880-846D-4533-91C0-EFA46D5A5432}.Release|Any CPU.ActiveCfg = Release|Any CPU
		{6D523880-846D-4533-91C0-EFA46D5A5432}.Release|Any CPU.Build.0 = Release|Any CPU
		{89907248-D211-4015-BBB3-685214F30323}.Debug|Any CPU.ActiveCfg = Debug|Any CPU
		{89907248-D211-4015-BBB3-685214F30323}.Debug|Any CPU.Build.0 = Debug|Any CPU
		{89907248-D211-4015-BBB3-685214F30323}.Release|Any CPU.ActiveCfg = Release|Any CPU
		{89907248-D211-4015-BBB3-685214F30323}.Release|Any CPU.Build.0 = Release|Any CPU
	EndGlobalSection
	GlobalSection(SolutionProperties) = preSolution
		HideSolutionNode = FALSE
	EndGlobalSection
	GlobalSection(ExtensibilityGlobals) = postSolution
		SolutionGuid = {4313493C-B94F-445A-ACF3-B74F53FA7349}
	EndGlobalSection
EndGlobal
